github.com/anchoo2kewl/go-wiki v0.1.9 h1:kdH1Bikwm7XzQ3uqSc3+CaOPYde6szQtpDx1usqZQoI=
github.com/anchoo2kewl/go-wiki v0.1.9/go.mod h1:SdNfnXOnrAfDdswO14eYvIb12gA5eacOtz+cz3lAnQw=
github.com/russross/blackfriday/v2 v2.1.0 h1:JIOH55/0cWyOuilr9/qlrm0BSXldqnqwMsf35Ld67mk=
github.com/russross/blackfriday/v2 v2.1.0/go.mod h1:+Rmxgy9KzJVeS9/2gXHxylqXiyQDYRxCVz55jmeOWTM=
